
Microsoft Visual Studio Solution File, Format Version 12.00
Project("{FAE04EC0-301F-11D3-BF4B-00C04F79EFBC}") = "ShuffleLetters", "ShuffleLetters\ShuffleLetters.csproj", "{D702957C-9267-40FB-9F45-219CDCF294DD}"
EndProject
Global
	GlobalSection(SolutionConfigurationPlatforms) = preSolution
		Debug|Any CPU = Debug|Any CPU
		Release|Any CPU = Release|Any CPU
	EndGlobalSection
	GlobalSection(ProjectConfigurationPlatforms) = postSolution
		{D702957C-9267-40FB-9F45-219CDCF294DD}.Debug|Any CPU.ActiveCfg = Debug|Any CPU
		{D702957C-9267-40FB-9F45-219CDCF294DD}.Debug|Any CPU.Build.0 = Debug|Any CPU
		{D702957C-9267-40FB-9F45-219CDCF294DD}.Release|Any CPU.ActiveCfg = Release|Any CPU
		{D702957C-9267-40FB-9F45-219CDCF294DD}.Release|Any CPU.Build.0 = Release|Any CPU
	EndGlobalSection
EndGlobal
